
Microsoft Visual Studio Solution File, Format Version 12.00
# Visual Studio Version 17
VisualStudioVersion = 17.10.35027.167
MinimumVisualStudioVersion = 10.0.40219.1
Project("{9A19103F-16F7-4668-BE54-9A1E7A4F7556}") = "OrdersService.API", "OrdersService.API\OrdersService.API.csproj", "{8697E180-69E5-4249-B205-AE2CD4EEFFBB}"
EndProject
Project("{9A19103F-16F7-4668-BE54-9A1E7A4F7556}") = "OrdersService.Application", "OrdersService.Application\OrdersService.Application.csproj", "{225FC6C5-1C4B-45B4-A4A6-34EC72B395F6}"
EndProject
Project("{9A19103F-16F7-4668-BE54-9A1E7A4F7556}") = "OrdersService.Infrastructure", "OrdersService.Infrastructure\OrdersService.Infrastructure.csproj", "{BEBF6C18-6631-4E15-8D32-5B3223FE9785}"
EndProject
Project("{9A19103F-16F7-4668-BE54-9A1E7A4F7556}") = "OrdersService.Domain", "OrdersService.Domain\OrdersService.Domain.csproj", "{898E7B1A-35D1-4485-8919-70ABDEDECFD6}"
EndProject
Project("{FAE04EC0-301F-11D3-BF4B-00C04F79EFBC}") = "OrdersService.Tests", "OrdersService.Tests\OrdersService.Tests.csproj", "{D9CF7E82-D618-4AC8-A9C4-3CDE0CEF37DF}"
EndProject
Global
	GlobalSection(SolutionConfigurationPlatforms) = preSolution
		Debug|Any CPU = Debug|Any CPU
		Release|Any CPU = Release|Any CPU
	EndGlobalSection
	GlobalSection(ProjectConfigurationPlatforms) = postSolution
		{8697E180-69E5-4249-B205-AE2CD4EEFFBB}.Debug|Any CPU.ActiveCfg = Debug|Any CPU
		{8697E180-69E5-4249-B205-AE2CD4EEFFBB}.Debug|Any CPU.Build.0 = Debug|Any CPU
		{8697E180-69E5-4249-B205-AE2CD4EEFFBB}.Release|Any CPU.ActiveCfg = Release|Any CPU
		{8697E180-69E5-4249-B205-AE2CD4EEFFBB}.Release|Any CPU.Build.0 = Release|Any CPU
		{225FC6C5-1C4B-45B4-A4A6-34EC72B395F6}.Debug|Any CPU.ActiveCfg = Debug|Any CPU
		{225FC6C5-1C4B-45B4-A4A6-34EC72B395F6}.Debug|Any CPU.Build.0 = Debug|Any CPU
		{225FC6C5-1C4B-45B4-A4A6-34EC72B395F6}.Release|Any CPU.ActiveCfg = Release|Any CPU
		{225FC6C5-1C4B-45B4-A4A6-34EC72B395F6}.Release|Any CPU.Build.0 = Release|Any CPU
		{BEBF6C18-6631-4E15-8D32-5B3223FE9785}.Debug|Any CPU.ActiveCfg = Debug|Any CPU
		{BEBF6C18-6631-4E15-8D32-5B3223FE9785}.Debug|Any CPU.Build.0 = Debug|Any CPU
		{BEBF6C18-6631-4E15-8D32-5B3223FE9785}.Release|Any CPU.ActiveCfg = Release|Any CPU
		{BEBF6C18-6631-4E15-8D32-5B3223FE9785}.Release|Any CPU.Build.0 = Release|Any CPU
		{898E7B1A-35D1-4485-8919-70ABDEDECFD6}.Debug|Any CPU.ActiveCfg = Debug|Any CPU
		{898E7B1A-35D1-4485-8919-70ABDEDECFD6}.Debug|Any CPU.Build.0 = Debug|Any CPU
		{898E7B1A-35D1-4485-8919-70ABDEDECFD6}.Release|Any CPU.ActiveCfg = Release|Any CPU
		{898E7B1A-35D1-4485-8919-70ABDEDECFD6}.Release|Any CPU.Build.0 = Release|Any CPU
		{D9CF7E82-D618-4AC8-A9C4-3CDE0CEF37DF}.Debug|Any CPU.ActiveCfg = Debug|Any CPU
		{D9CF7E82-D618-4AC8-A9C4-3CDE0CEF37DF}.Debug|Any CPU.Build.0 = Debug|Any CPU
		{D9CF7E82-D618-4AC8-A9C4-3CDE0CEF37DF}.Release|Any CPU.ActiveCfg = Release|Any CPU
		{D9CF7E82-D618-4AC8-A9C4-3CDE0CEF37DF}.Release|Any CPU.Build.0 = Release|Any CPU
	EndGlobalSection
	GlobalSection(SolutionProperties) = preSolution
		HideSolutionNode = FALSE
	EndGlobalSection
	GlobalSection(ExtensibilityGlobals) = postSolution
		SolutionGuid = {3B41CE52-8771-4DA0-B184-D823D2BE7A57}
	EndGlobalSection
EndGlobal
